
Microsoft Visual Studio Solution File, Format Version 12.00
# Visual Studio Version 17
VisualStudioVersion = 17.6.33815.320
MinimumVisualStudioVersion = 10.0.40219.1
Project("{9A19103F-16F7-4668-BE54-9A1E7A4F7556}") = "Homework_1", "Homework_1\Homework_1.csproj", "{E339BF0A-DF44-401B-A219-AA1C1B1FE209}"
EndProject
Project("{9A19103F-16F7-4668-BE54-9A1E7A4F7556}") = "Homework_2", "Homework_2\Homework_2.csproj", "{42D0E55A-2731-48D9-9A30-75BC70D813F3}"
EndProject
Project("{FAE04EC0-301F-11D3-BF4B-00C04F79EFBC}") = "InvalidCommandException", "InvalidCommandException\InvalidCommandException.csproj", "{6BF15409-3240-4A88-B94A-F29EF616D7D2}"
EndProject
Global
	GlobalSection(SolutionConfigurationPlatforms) = preSolution
		Debug|Any CPU = Debug|Any CPU
		Release|Any CPU = Release|Any CPU
	EndGlobalSection
	GlobalSection(ProjectConfigurationPlatforms) = postSolution
		{E339BF0A-DF44-401B-A219-AA1C1B1FE209}.Debug|Any CPU.ActiveCfg = Debug|Any CPU
		{E339BF0A-DF44-401B-A219-AA1C1B1FE209}.Debug|Any CPU.Build.0 = Debug|Any CPU
		{E339BF0A-DF44-401B-A219-AA1C1B1FE209}.Release|Any CPU.ActiveCfg = Release|Any CPU
		{E339BF0A-DF44-401B-A219-AA1C1B1FE209}.Release|Any CPU.Build.0 = Release|Any CPU
		{42D0E55A-2731-48D9-9A30-75BC70D813F3}.Debug|Any CPU.ActiveCfg = Debug|Any CPU
		{42D0E55A-2731-48D9-9A30-75BC70D813F3}.Debug|Any CPU.Build.0 = Debug|Any CPU
		{42D0E55A-2731-48D9-9A30-75BC70D813F3}.Release|Any CPU.ActiveCfg = Release|Any CPU
		{42D0E55A-2731-48D9-9A30-75BC70D813F3}.Release|Any CPU.Build.0 = Release|Any CPU
		{6BF15409-3240-4A88-B94A-F29EF616D7D2}.Debug|Any CPU.ActiveCfg = Debug|Any CPU
		{6BF15409-3240-4A88-B94A-F29EF616D7D2}.Debug|Any CPU.Build.0 = Debug|Any CPU
		{6BF15409-3240-4A88-B94A-F29EF616D7D2}.Release|Any CPU.ActiveCfg = Release|Any CPU
		{6BF15409-3240-4A88-B94A-F29EF616D7D2}.Release|Any CPU.Build.0 = Release|Any CPU
	EndGlobalSection
	GlobalSection(SolutionProperties) = preSolution
		HideSolutionNode = FALSE
	EndGlobalSection
	GlobalSection(ExtensibilityGlobals) = postSolution
		SolutionGuid = {77D24F46-81B3-4453-9504-BCE436E5A6C3}
	EndGlobalSection
EndGlobal
