
Microsoft Visual Studio Solution File, Format Version 12.00
# Visual Studio Version 17
VisualStudioVersion = 17.6.33815.320
MinimumVisualStudioVersion = 10.0.40219.1
Project("{FAE04EC0-301F-11D3-BF4B-00C04F79EFBC}") = "Lesson3_quiz", "Lesson3_quiz\Lesson3_quiz.csproj", "{9B9177C4-E936-4142-BBEA-7F55A92E82F1}"
EndProject
Project("{9A19103F-16F7-4668-BE54-9A1E7A4F7556}") = "Lectia4_1", "Lectia4_1\Lectia4_1.csproj", "{06098F3C-F41A-4B0B-A57C-D3836B0E805E}"
EndProject
Project("{9A19103F-16F7-4668-BE54-9A1E7A4F7556}") = "BasicConventions", "Homework_1\BasicConventions.csproj", "{5A1C7873-6EDA-4270-8488-74A3BEB278DA}"
EndProject
Project("{9A19103F-16F7-4668-BE54-9A1E7A4F7556}") = "ConsoleApp1", "ConsoleApp1\ConsoleApp1.csproj", "{6501F3BF-D51A-4DF8-A6B5-BC8E69634E3D}"
EndProject
Global
	GlobalSection(SolutionConfigurationPlatforms) = preSolution
		Debug|Any CPU = Debug|Any CPU
		Release|Any CPU = Release|Any CPU
	EndGlobalSection
	GlobalSection(ProjectConfigurationPlatforms) = postSolution
		{9B9177C4-E936-4142-BBEA-7F55A92E82F1}.Debug|Any CPU.ActiveCfg = Debug|Any CPU
		{9B9177C4-E936-4142-BBEA-7F55A92E82F1}.Debug|Any CPU.Build.0 = Debug|Any CPU
		{9B9177C4-E936-4142-BBEA-7F55A92E82F1}.Release|Any CPU.ActiveCfg = Release|Any CPU
		{9B9177C4-E936-4142-BBEA-7F55A92E82F1}.Release|Any CPU.Build.0 = Release|Any CPU
		{06098F3C-F41A-4B0B-A57C-D3836B0E805E}.Debug|Any CPU.ActiveCfg = Debug|Any CPU
		{06098F3C-F41A-4B0B-A57C-D3836B0E805E}.Debug|Any CPU.Build.0 = Debug|Any CPU
		{06098F3C-F41A-4B0B-A57C-D3836B0E805E}.Release|Any CPU.ActiveCfg = Release|Any CPU
		{06098F3C-F41A-4B0B-A57C-D3836B0E805E}.Release|Any CPU.Build.0 = Release|Any CPU
		{5A1C7873-6EDA-4270-8488-74A3BEB278DA}.Debug|Any CPU.ActiveCfg = Debug|Any CPU
		{5A1C7873-6EDA-4270-8488-74A3BEB278DA}.Debug|Any CPU.Build.0 = Debug|Any CPU
		{5A1C7873-6EDA-4270-8488-74A3BEB278DA}.Release|Any CPU.ActiveCfg = Release|Any CPU
		{5A1C7873-6EDA-4270-8488-74A3BEB278DA}.Release|Any CPU.Build.0 = Release|Any CPU
		{6501F3BF-D51A-4DF8-A6B5-BC8E69634E3D}.Debug|Any CPU.ActiveCfg = Debug|Any CPU
		{6501F3BF-D51A-4DF8-A6B5-BC8E69634E3D}.Debug|Any CPU.Build.0 = Debug|Any CPU
		{6501F3BF-D51A-4DF8-A6B5-BC8E69634E3D}.Release|Any CPU.ActiveCfg = Release|Any CPU
		{6501F3BF-D51A-4DF8-A6B5-BC8E69634E3D}.Release|Any CPU.Build.0 = Release|Any CPU
	EndGlobalSection
	GlobalSection(SolutionProperties) = preSolution
		HideSolutionNode = FALSE
	EndGlobalSection
	GlobalSection(ExtensibilityGlobals) = postSolution
		SolutionGuid = {7842CE5F-FE6F-4D24-97E9-016807D284B2}
	EndGlobalSection
EndGlobal
