
Microsoft Visual Studio Solution File, Format Version 12.00
# Visual Studio Version 17
VisualStudioVersion = 17.6.33815.320
MinimumVisualStudioVersion = 10.0.40219.1
Project("{9A19103F-16F7-4668-BE54-9A1E7A4F7556}") = "ConsoleAppNet5", "ConsoleAppNet5\ConsoleAppNet5.csproj", "{2F709DD2-138B-4F3D-A778-9EF2A294B337}"
EndProject
Project("{9A19103F-16F7-4668-BE54-9A1E7A4F7556}") = "ConsoleAppNet6", "ConsoleAppNet6\ConsoleAppNet6.csproj", "{38511D21-00DD-4BD1-9FB2-90997F3830B6}"
EndProject
Project("{9A19103F-16F7-4668-BE54-9A1E7A4F7556}") = "Homework1", "Homework1\Homework1.csproj", "{547E92F3-830E-414E-86DE-6025B7CC4E5C}"
EndProject
Project("{9A19103F-16F7-4668-BE54-9A1E7A4F7556}") = "Lesson3Project1", "Lesson3Project1\Lesson3Project1.csproj", "{65BBB7BF-754D-4AF2-9E06-A7982200BB64}"
EndProject
Global
	GlobalSection(SolutionConfigurationPlatforms) = preSolution
		Debug|Any CPU = Debug|Any CPU
		Release|Any CPU = Release|Any CPU
	EndGlobalSection
	GlobalSection(ProjectConfigurationPlatforms) = postSolution
		{2F709DD2-138B-4F3D-A778-9EF2A294B337}.Debug|Any CPU.ActiveCfg = Debug|Any CPU
		{2F709DD2-138B-4F3D-A778-9EF2A294B337}.Debug|Any CPU.Build.0 = Debug|Any CPU
		{2F709DD2-138B-4F3D-A778-9EF2A294B337}.Release|Any CPU.ActiveCfg = Release|Any CPU
		{2F709DD2-138B-4F3D-A778-9EF2A294B337}.Release|Any CPU.Build.0 = Release|Any CPU
		{38511D21-00DD-4BD1-9FB2-90997F3830B6}.Debug|Any CPU.ActiveCfg = Debug|Any CPU
		{38511D21-00DD-4BD1-9FB2-90997F3830B6}.Debug|Any CPU.Build.0 = Debug|Any CPU
		{38511D21-00DD-4BD1-9FB2-90997F3830B6}.Release|Any CPU.ActiveCfg = Release|Any CPU
		{38511D21-00DD-4BD1-9FB2-90997F3830B6}.Release|Any CPU.Build.0 = Release|Any CPU
		{547E92F3-830E-414E-86DE-6025B7CC4E5C}.Debug|Any CPU.ActiveCfg = Debug|Any CPU
		{547E92F3-830E-414E-86DE-6025B7CC4E5C}.Debug|Any CPU.Build.0 = Debug|Any CPU
		{547E92F3-830E-414E-86DE-6025B7CC4E5C}.Release|Any CPU.ActiveCfg = Release|Any CPU
		{547E92F3-830E-414E-86DE-6025B7CC4E5C}.Release|Any CPU.Build.0 = Release|Any CPU
		{65BBB7BF-754D-4AF2-9E06-A7982200BB64}.Debug|Any CPU.ActiveCfg = Debug|Any CPU
		{65BBB7BF-754D-4AF2-9E06-A7982200BB64}.Debug|Any CPU.Build.0 = Debug|Any CPU
		{65BBB7BF-754D-4AF2-9E06-A7982200BB64}.Release|Any CPU.ActiveCfg = Release|Any CPU
		{65BBB7BF-754D-4AF2-9E06-A7982200BB64}.Release|Any CPU.Build.0 = Release|Any CPU
	EndGlobalSection
	GlobalSection(SolutionProperties) = preSolution
		HideSolutionNode = FALSE
	EndGlobalSection
	GlobalSection(ExtensibilityGlobals) = postSolution
		SolutionGuid = {CFCAB039-75B2-4839-B497-B875B7C67821}
	EndGlobalSection
EndGlobal
