
Microsoft Visual Studio Solution File, Format Version 12.00
# Visual Studio Version 17
VisualStudioVersion = 17.6.33815.320
MinimumVisualStudioVersion = 10.0.40219.1
Project("{9A19103F-16F7-4668-BE54-9A1E7A4F7556}") = "Homework1", "Homework1\Homework1.csproj", "{16F258FC-4C87-4EC8-AB8A-386909B4474F}"
EndProject
Project("{9A19103F-16F7-4668-BE54-9A1E7A4F7556}") = "Homework2", "Homework2\Homework2.csproj", "{57406146-5AC1-4974-A40A-AA044E612F07}"
EndProject
Project("{9A19103F-16F7-4668-BE54-9A1E7A4F7556}") = "Lesson10Project1", "Lesson10Project1\Lesson10Project1.csproj", "{90112FBE-56E3-4BEF-9C17-A4BA9F344094}"
EndProject
Global
	GlobalSection(SolutionConfigurationPlatforms) = preSolution
		Debug|Any CPU = Debug|Any CPU
		Release|Any CPU = Release|Any CPU
	EndGlobalSection
	GlobalSection(ProjectConfigurationPlatforms) = postSolution
		{16F258FC-4C87-4EC8-AB8A-386909B4474F}.Debug|Any CPU.ActiveCfg = Debug|Any CPU
		{16F258FC-4C87-4EC8-AB8A-386909B4474F}.Debug|Any CPU.Build.0 = Debug|Any CPU
		{16F258FC-4C87-4EC8-AB8A-386909B4474F}.Release|Any CPU.ActiveCfg = Release|Any CPU
		{16F258FC-4C87-4EC8-AB8A-386909B4474F}.Release|Any CPU.Build.0 = Release|Any CPU
		{57406146-5AC1-4974-A40A-AA044E612F07}.Debug|Any CPU.ActiveCfg = Debug|Any CPU
		{57406146-5AC1-4974-A40A-AA044E612F07}.Debug|Any CPU.Build.0 = Debug|Any CPU
		{57406146-5AC1-4974-A40A-AA044E612F07}.Release|Any CPU.ActiveCfg = Release|Any CPU
		{57406146-5AC1-4974-A40A-AA044E612F07}.Release|Any CPU.Build.0 = Release|Any CPU
		{90112FBE-56E3-4BEF-9C17-A4BA9F344094}.Debug|Any CPU.ActiveCfg = Debug|Any CPU
		{90112FBE-56E3-4BEF-9C17-A4BA9F344094}.Debug|Any CPU.Build.0 = Debug|Any CPU
		{90112FBE-56E3-4BEF-9C17-A4BA9F344094}.Release|Any CPU.ActiveCfg = Release|Any CPU
		{90112FBE-56E3-4BEF-9C17-A4BA9F344094}.Release|Any CPU.Build.0 = Release|Any CPU
	EndGlobalSection
	GlobalSection(SolutionProperties) = preSolution
		HideSolutionNode = FALSE
	EndGlobalSection
	GlobalSection(ExtensibilityGlobals) = postSolution
		SolutionGuid = {77D24F46-81B3-4453-9504-BCE436E5A6C3}
	EndGlobalSection
EndGlobal
