
Microsoft Visual Studio Solution File, Format Version 12.00
# Visual Studio Version 17
VisualStudioVersion = 17.6.33815.320
MinimumVisualStudioVersion = 10.0.40219.1
Project("{9A19103F-16F7-4668-BE54-9A1E7A4F7556}") = "Homework_1", "Homework_1\Homework_1.csproj", "{588A1471-3116-449A-8BD8-C41D61D0589F}"
EndProject
Project("{9A19103F-16F7-4668-BE54-9A1E7A4F7556}") = "Homework_2", "Homework_2\Homework_2.csproj", "{C1CFCA50-4E16-4BA1-A91C-10FFB6059234}"
EndProject
Project("{9A19103F-16F7-4668-BE54-9A1E7A4F7556}") = "Homework_3", "Homework_3\Homework_3.csproj", "{E243E5A9-D881-474F-BB0B-45DDC5EBC2F7}"
EndProject
Project("{FAE04EC0-301F-11D3-BF4B-00C04F79EFBC}") = "Lectia8_1", "Lectia8_1\Lectia8_1.csproj", "{D502AF23-A8C5-4A6E-AE8E-7123CD96ABFB}"
EndProject
Project("{FAE04EC0-301F-11D3-BF4B-00C04F79EFBC}") = "Lectia8_2", "Lectia8_2\Lectia8_2.csproj", "{99E048FF-DA5E-47B0-94B0-67417A0632E9}"
EndProject
Project("{FAE04EC0-301F-11D3-BF4B-00C04F79EFBC}") = "Lectia8_3", "Lectia8_3\Lectia8_3.csproj", "{B37A03C4-584B-48C3-A5D1-920ACD03E555}"
EndProject
Project("{FAE04EC0-301F-11D3-BF4B-00C04F79EFBC}") = "Lectia8_3_2", "Lectia8_3_2\Lectia8_3_2.csproj", "{3D16459F-2FB2-4AB4-91A6-B9DF77CCA2EF}"
EndProject
Global
	GlobalSection(SolutionConfigurationPlatforms) = preSolution
		Debug|Any CPU = Debug|Any CPU
		Release|Any CPU = Release|Any CPU
	EndGlobalSection
	GlobalSection(ProjectConfigurationPlatforms) = postSolution
		{588A1471-3116-449A-8BD8-C41D61D0589F}.Debug|Any CPU.ActiveCfg = Debug|Any CPU
		{588A1471-3116-449A-8BD8-C41D61D0589F}.Debug|Any CPU.Build.0 = Debug|Any CPU
		{588A1471-3116-449A-8BD8-C41D61D0589F}.Release|Any CPU.ActiveCfg = Release|Any CPU
		{588A1471-3116-449A-8BD8-C41D61D0589F}.Release|Any CPU.Build.0 = Release|Any CPU
		{C1CFCA50-4E16-4BA1-A91C-10FFB6059234}.Debug|Any CPU.ActiveCfg = Debug|Any CPU
		{C1CFCA50-4E16-4BA1-A91C-10FFB6059234}.Debug|Any CPU.Build.0 = Debug|Any CPU
		{C1CFCA50-4E16-4BA1-A91C-10FFB6059234}.Release|Any CPU.ActiveCfg = Release|Any CPU
		{C1CFCA50-4E16-4BA1-A91C-10FFB6059234}.Release|Any CPU.Build.0 = Release|Any CPU
		{E243E5A9-D881-474F-BB0B-45DDC5EBC2F7}.Debug|Any CPU.ActiveCfg = Debug|Any CPU
		{E243E5A9-D881-474F-BB0B-45DDC5EBC2F7}.Debug|Any CPU.Build.0 = Debug|Any CPU
		{E243E5A9-D881-474F-BB0B-45DDC5EBC2F7}.Release|Any CPU.ActiveCfg = Release|Any CPU
		{E243E5A9-D881-474F-BB0B-45DDC5EBC2F7}.Release|Any CPU.Build.0 = Release|Any CPU
		{D502AF23-A8C5-4A6E-AE8E-7123CD96ABFB}.Debug|Any CPU.ActiveCfg = Debug|Any CPU
		{D502AF23-A8C5-4A6E-AE8E-7123CD96ABFB}.Debug|Any CPU.Build.0 = Debug|Any CPU
		{D502AF23-A8C5-4A6E-AE8E-7123CD96ABFB}.Release|Any CPU.ActiveCfg = Release|Any CPU
		{D502AF23-A8C5-4A6E-AE8E-7123CD96ABFB}.Release|Any CPU.Build.0 = Release|Any CPU
		{99E048FF-DA5E-47B0-94B0-67417A0632E9}.Debug|Any CPU.ActiveCfg = Debug|Any CPU
		{99E048FF-DA5E-47B0-94B0-67417A0632E9}.Debug|Any CPU.Build.0 = Debug|Any CPU
		{99E048FF-DA5E-47B0-94B0-67417A0632E9}.Release|Any CPU.ActiveCfg = Release|Any CPU
		{99E048FF-DA5E-47B0-94B0-67417A0632E9}.Release|Any CPU.Build.0 = Release|Any CPU
		{B37A03C4-584B-48C3-A5D1-920ACD03E555}.Debug|Any CPU.ActiveCfg = Debug|Any CPU
		{B37A03C4-584B-48C3-A5D1-920ACD03E555}.Debug|Any CPU.Build.0 = Debug|Any CPU
		{B37A03C4-584B-48C3-A5D1-920ACD03E555}.Release|Any CPU.ActiveCfg = Release|Any CPU
		{B37A03C4-584B-48C3-A5D1-920ACD03E555}.Release|Any CPU.Build.0 = Release|Any CPU
		{3D16459F-2FB2-4AB4-91A6-B9DF77CCA2EF}.Debug|Any CPU.ActiveCfg = Debug|Any CPU
		{3D16459F-2FB2-4AB4-91A6-B9DF77CCA2EF}.Debug|Any CPU.Build.0 = Debug|Any CPU
		{3D16459F-2FB2-4AB4-91A6-B9DF77CCA2EF}.Release|Any CPU.ActiveCfg = Release|Any CPU
		{3D16459F-2FB2-4AB4-91A6-B9DF77CCA2EF}.Release|Any CPU.Build.0 = Release|Any CPU
	EndGlobalSection
	GlobalSection(SolutionProperties) = preSolution
		HideSolutionNode = FALSE
	EndGlobalSection
	GlobalSection(ExtensibilityGlobals) = postSolution
		SolutionGuid = {9F8C37DD-C4B6-405B-A525-E5E49E98D7E4}
	EndGlobalSection
EndGlobal
